
Microsoft Visual Studio Solution File, Format Version 12.00
# Visual Studio Version 17
VisualStudioVersion = 17.11.35327.3
MinimumVisualStudioVersion = 10.0.40219.1
Project("{FAE04EC0-301F-11D3-BF4B-00C04F79EFBC}") = "RekordboxDisplayDriver", "RekordboxDisplayDriver\RekordboxDisplayDriver.csproj", "{31669D4E-B69D-4974-B5F0-A9A469F17684}"
EndProject
Global
	GlobalSection(SolutionConfigurationPlatforms) = preSolution
		Debug|Any CPU = Debug|Any CPU
		Release|Any CPU = Release|Any CPU
	EndGlobalSection
	GlobalSection(ProjectConfigurationPlatforms) = postSolution
		{31669D4E-B69D-4974-B5F0-A9A469F17684}.Debug|Any CPU.ActiveCfg = Debug|Any CPU
		{31669D4E-B69D-4974-B5F0-A9A469F17684}.Debug|Any CPU.Build.0 = Debug|Any CPU
		{31669D4E-B69D-4974-B5F0-A9A469F17684}.Release|Any CPU.ActiveCfg = Release|Any CPU
		{31669D4E-B69D-4974-B5F0-A9A469F17684}.Release|Any CPU.Build.0 = Release|Any CPU
	EndGlobalSection
	GlobalSection(SolutionProperties) = preSolution
		HideSolutionNode = FALSE
	EndGlobalSection
	GlobalSection(ExtensibilityGlobals) = postSolution
		SolutionGuid = {89A3A46F-C9C8-4786-95E3-6C1BF766E706}
	EndGlobalSection
EndGlobal
